
Microsoft Visual Studio Solution File, Format Version 12.00
# Visual Studio Version 16
VisualStudioVersion = 16.0.30615.102
MinimumVisualStudioVersion = 10.0.40219.1
Project("{FAE04EC0-301F-11D3-BF4B-00C04F79EFBC}") = "ScaffoldingIssue.Server", "ScaffoldingIssue\Server\ScaffoldingIssue.Server.csproj", "{C53B3BC6-E5EE-491F-9999-CA06D0936C48}"
EndProject
Project("{FAE04EC0-301F-11D3-BF4B-00C04F79EFBC}") = "ScaffoldingIssue.Client", "ScaffoldingIssue\Client\ScaffoldingIssue.Client.csproj", "{1794FBB6-7CF6-4B42-B347-AE4933ED83BD}"
EndProject
Project("{FAE04EC0-301F-11D3-BF4B-00C04F79EFBC}") = "ScaffoldingIssue.Shared", "ScaffoldingIssue\Shared\ScaffoldingIssue.Shared.csproj", "{C627316F-6B41-41E6-A3F2-46A1D7BB3EF9}"
EndProject
Global
	GlobalSection(SolutionConfigurationPlatforms) = preSolution
		Debug|Any CPU = Debug|Any CPU
		Release|Any CPU = Release|Any CPU
	EndGlobalSection
	GlobalSection(ProjectConfigurationPlatforms) = postSolution
		{C53B3BC6-E5EE-491F-9999-CA06D0936C48}.Debug|Any CPU.ActiveCfg = Debug|Any CPU
		{C53B3BC6-E5EE-491F-9999-CA06D0936C48}.Debug|Any CPU.Build.0 = Debug|Any CPU
		{C53B3BC6-E5EE-491F-9999-CA06D0936C48}.Release|Any CPU.ActiveCfg = Release|Any CPU
		{C53B3BC6-E5EE-491F-9999-CA06D0936C48}.Release|Any CPU.Build.0 = Release|Any CPU
		{1794FBB6-7CF6-4B42-B347-AE4933ED83BD}.Debug|Any CPU.ActiveCfg = Debug|Any CPU
		{1794FBB6-7CF6-4B42-B347-AE4933ED83BD}.Debug|Any CPU.Build.0 = Debug|Any CPU
		{1794FBB6-7CF6-4B42-B347-AE4933ED83BD}.Release|Any CPU.ActiveCfg = Release|Any CPU
		{1794FBB6-7CF6-4B42-B347-AE4933ED83BD}.Release|Any CPU.Build.0 = Release|Any CPU
		{C627316F-6B41-41E6-A3F2-46A1D7BB3EF9}.Debug|Any CPU.ActiveCfg = Debug|Any CPU
		{C627316F-6B41-41E6-A3F2-46A1D7BB3EF9}.Debug|Any CPU.Build.0 = Debug|Any CPU
		{C627316F-6B41-41E6-A3F2-46A1D7BB3EF9}.Release|Any CPU.ActiveCfg = Release|Any CPU
		{C627316F-6B41-41E6-A3F2-46A1D7BB3EF9}.Release|Any CPU.Build.0 = Release|Any CPU
	EndGlobalSection
	GlobalSection(SolutionProperties) = preSolution
		HideSolutionNode = FALSE
	EndGlobalSection
	GlobalSection(ExtensibilityGlobals) = postSolution
		SolutionGuid = {192E5D3E-912C-43D5-85F7-FFC5EBE397FD}
	EndGlobalSection
EndGlobal
